
Microsoft Visual Studio Solution File, Format Version 12.00
# Visual Studio Version 17
VisualStudioVersion = 17.3.32929.385
MinimumVisualStudioVersion = 10.0.40219.1
Project("{FAE04EC0-301F-11D3-BF4B-00C04F79EFBC}") = "TakeFood.ApiGateWay.Mobile", "TakeFood.ApiGateWay.Mobile\TakeFood.ApiGateWay.Mobile.csproj", "{6DD51FA6-CA1C-43CA-AD9E-0A47D4343075}"
EndProject
Global
	GlobalSection(SolutionConfigurationPlatforms) = preSolution
		Debug|Any CPU = Debug|Any CPU
		Release|Any CPU = Release|Any CPU
	EndGlobalSection
	GlobalSection(ProjectConfigurationPlatforms) = postSolution
		{6DD51FA6-CA1C-43CA-AD9E-0A47D4343075}.Debug|Any CPU.ActiveCfg = Debug|Any CPU
		{6DD51FA6-CA1C-43CA-AD9E-0A47D4343075}.Debug|Any CPU.Build.0 = Debug|Any CPU
		{6DD51FA6-CA1C-43CA-AD9E-0A47D4343075}.Release|Any CPU.ActiveCfg = Release|Any CPU
		{6DD51FA6-CA1C-43CA-AD9E-0A47D4343075}.Release|Any CPU.Build.0 = Release|Any CPU
	EndGlobalSection
	GlobalSection(SolutionProperties) = preSolution
		HideSolutionNode = FALSE
	EndGlobalSection
	GlobalSection(ExtensibilityGlobals) = postSolution
		SolutionGuid = {2FB715AF-82A9-4B48-805C-E697C7531786}
	EndGlobalSection
EndGlobal
